<?xml version="1.0" encoding="UTF-8" standalone="yes" ?>
<CodeBlocks_project_file>
	<FileVersion major="1" minor="6" />
	<Project>
		<Option title="Blokade" />
		<Option pch_mode="2" />
		<Option compiler="gcc" />
		<Build>
			<Target title="Debug">
				<Option output="bin/Debug/Blokade" prefix_auto="1" extension_auto="1" />
				<Option object_output="obj/Debug/" />
				<Option type="1" />
				<Option compiler="gcc" />
				<Option use_console_runner="0" />
				<Compiler>
					<Add option="-std=c++11" />
					<Add option="-g" />
				</Compiler>
				<Linker>
					<Add library="sfml-graphics-d" />
					<Add library="sfml-window-d" />
					<Add library="sfml-audio-d" />
					<Add library="sfml-system-d" />
				</Linker>
			</Target>
			<Target title="Release">
				<Option output="bin/Release/Blokade" prefix_auto="1" extension_auto="1" />
				<Option object_output="obj/Release/" />
				<Option type="0" />
				<Option compiler="gcc" />
				<Compiler>
					<Add option="-O2" />
					<Add option="-std=c++11" />
				</Compiler>
				<Linker>
					<Add option="-s" />
					<Add library="sfml-graphics" />
					<Add library="sfml-window" />
					<Add library="sfml-audio" />
					<Add library="sfml-system" />
				</Linker>
			</Target>
		</Build>
		<Compiler>
			<Add option="-std=c++11" />
			<Add option="-Wall" />
			<Add option="-DBLOKADE_PLATFORM_LINUX" />
			<Add option="-DBLOKADE_LANGUAGE_EN" />
			<Add directory="/home/firefly/Downloads/SFML-2.0-rc/include" />
		</Compiler>
		<Linker>
			<Add directory="/home/firefly/Downloads/SFML-2.0-rc/lib" />
		</Linker>
		<Unit filename="Blokade/Engine/GFXBean.cpp" />
		<Unit filename="Blokade/Engine/GFXBean.hpp" />
		<Unit filename="Blokade/Engine/GFXEngine.cpp" />
		<Unit filename="Blokade/Engine/GFXEngine.hpp" />
		<Unit filename="Blokade/Engine/GFXFont.cpp" />
		<Unit filename="Blokade/Engine/GFXFont.hpp" />
		<Unit filename="Blokade/Engine/GFXMenu.cpp" />
		<Unit filename="Blokade/Engine/GFXMenu.hpp" />
		<Unit filename="Blokade/Engine/GFXMenuButton.cpp" />
		<Unit filename="Blokade/Engine/GFXMenuButton.hpp" />
		<Unit filename="Blokade/Engine/GFXMenuInput.cpp" />
		<Unit filename="Blokade/Engine/GFXMenuInput.hpp" />
		<Unit filename="Blokade/Engine/GFXMenuItem.hpp" />
		<Unit filename="Blokade/Engine/GFXMenuSelector.cpp" />
		<Unit filename="Blokade/Engine/GFXMenuSelector.hpp" />
		<Unit filename="Blokade/Engine/GFXRuntime.cpp" />
		<Unit filename="Blokade/Engine/GFXRuntime.hpp" />
		<Unit filename="Blokade/Game/BlokadeGame.cpp" />
		<Unit filename="Blokade/Game/BlokadeGame.hpp" />
		<Unit filename="Blokade/Game/FileAccess.cpp" />
		<Unit filename="Blokade/Game/FileAccess.hpp" />
		<Unit filename="Blokade/Game/Points.cpp" />
		<Unit filename="Blokade/Game/Points.hpp" />
		<Unit filename="Blokade/Game/Shapes.hpp" />
		<Unit filename="Blokade/Game/SoundMngr.cpp" />
		<Unit filename="Blokade/Game/SoundMngr.hpp" />
		<Unit filename="Blokade/Game/i18n.cpp" />
		<Unit filename="Blokade/Game/i18n.hpp" />
		<Unit filename="Blokade/Linux/LinuxResourcePath.cpp" />
		<Unit filename="Blokade/Linux/LinuxResourcePath.hpp" />
		<Unit filename="Blokade/ResourcePath.hpp" />
		<Unit filename="Blokade/main.cpp" />
		<Extensions>
			<code_completion />
			<envvars />
			<debugger />
			<lib_finder disable_auto="1" />
			<DoxyBlocks>
				<comment_style block="0" line="0" />
				<doxyfile_project />
				<doxyfile_build />
				<doxyfile_warnings />
				<doxyfile_output />
				<doxyfile_dot />
				<general />
			</DoxyBlocks>
		</Extensions>
	</Project>
</CodeBlocks_project_file>
