// !$*UTF8*$!
{
	archiveVersion = 1;
	classes = {
	};
	objectVersion = 46;
	objects = {

/* Begin PBXBuildFile section */
		020B46FD16B6519400437020 /* Foundation.framework in Frameworks */ = {isa = PBXBuildFile; fileRef = 020B46FC16B6519400437020 /* Foundation.framework */; };
		020B470F16B6519400437020 /* InfoPlist.strings in Resources */ = {isa = PBXBuildFile; fileRef = 020B470D16B6519400437020 /* InfoPlist.strings */; };
		028F410616B652ED002F2501 /* README.md in Resources */ = {isa = PBXBuildFile; fileRef = 028F410516B652ED002F2501 /* README.md */; };
		028F411616B65320002F2501 /* GFXBean.cpp in Sources */ = {isa = PBXBuildFile; fileRef = 028F410716B65320002F2501 /* GFXBean.cpp */; };
		028F411716B65320002F2501 /* GFXEngine.cpp in Sources */ = {isa = PBXBuildFile; fileRef = 028F410916B65320002F2501 /* GFXEngine.cpp */; };
		028F411816B65320002F2501 /* GFXFont.cpp in Sources */ = {isa = PBXBuildFile; fileRef = 028F410B16B65320002F2501 /* GFXFont.cpp */; };
		028F411916B65320002F2501 /* GFXMenu.cpp in Sources */ = {isa = PBXBuildFile; fileRef = 028F410D16B65320002F2501 /* GFXMenu.cpp */; };
		028F411A16B65320002F2501 /* GFXMenuButton.cpp in Sources */ = {isa = PBXBuildFile; fileRef = 028F410F16B65320002F2501 /* GFXMenuButton.cpp */; };
		028F411B16B65320002F2501 /* GFXMenuSelector.cpp in Sources */ = {isa = PBXBuildFile; fileRef = 028F411216B65320002F2501 /* GFXMenuSelector.cpp */; };
		028F411C16B65320002F2501 /* GFXRuntime.cpp in Sources */ = {isa = PBXBuildFile; fileRef = 028F411416B65320002F2501 /* GFXRuntime.cpp */; };
		028F412816B6532A002F2501 /* BlokadeGame.cpp in Sources */ = {isa = PBXBuildFile; fileRef = 028F411D16B6532A002F2501 /* BlokadeGame.cpp */; };
		028F412916B6532A002F2501 /* FileAccess.cpp in Sources */ = {isa = PBXBuildFile; fileRef = 028F411F16B6532A002F2501 /* FileAccess.cpp */; };
		028F412A16B6532A002F2501 /* i18n.cpp in Sources */ = {isa = PBXBuildFile; fileRef = 028F412116B6532A002F2501 /* i18n.cpp */; };
		028F412B16B6532A002F2501 /* Points.cpp in Sources */ = {isa = PBXBuildFile; fileRef = 028F412316B6532A002F2501 /* Points.cpp */; };
		028F412C16B6532A002F2501 /* SoundMngr.cpp in Sources */ = {isa = PBXBuildFile; fileRef = 028F412616B6532A002F2501 /* SoundMngr.cpp */; };
		028F412F16B6533B002F2501 /* OSXResourcePath.mm in Sources */ = {isa = PBXBuildFile; fileRef = 028F412E16B6533B002F2501 /* OSXResourcePath.mm */; };
		028F413E16B65349002F2501 /* aquatic_life.ogg in Resources */ = {isa = PBXBuildFile; fileRef = 028F413016B65349002F2501 /* aquatic_life.ogg */; };
		028F413F16B65349002F2501 /* backgrnd.png in Resources */ = {isa = PBXBuildFile; fileRef = 028F413116B65349002F2501 /* backgrnd.png */; };
		028F414016B65349002F2501 /* blocks.png in Resources */ = {isa = PBXBuildFile; fileRef = 028F413216B65349002F2501 /* blocks.png */; };
		028F414116B65349002F2501 /* died.wav in Resources */ = {isa = PBXBuildFile; fileRef = 028F413316B65349002F2501 /* died.wav */; };
		028F414216B65349002F2501 /* evolution_sphere.ogg in Resources */ = {isa = PBXBuildFile; fileRef = 028F413416B65349002F2501 /* evolution_sphere.ogg */; };
		028F414316B65349002F2501 /* fontAnonymousAscii.png in Resources */ = {isa = PBXBuildFile; fileRef = 028F413516B65349002F2501 /* fontAnonymousAscii.png */; };
		028F414416B65349002F2501 /* game.png in Resources */ = {isa = PBXBuildFile; fileRef = 028F413616B65349002F2501 /* game.png */; };
		028F414516B65349002F2501 /* icon_128x128.icns in Resources */ = {isa = PBXBuildFile; fileRef = 028F413716B65349002F2501 /* icon_128x128.icns */; };
		028F414616B65349002F2501 /* levelUp.wav in Resources */ = {isa = PBXBuildFile; fileRef = 028F413816B65349002F2501 /* levelUp.wav */; };
		028F414716B65349002F2501 /* lineBlockDestroy.wav in Resources */ = {isa = PBXBuildFile; fileRef = 028F413916B65349002F2501 /* lineBlockDestroy.wav */; };
		028F414816B65349002F2501 /* menubutton.png in Resources */ = {isa = PBXBuildFile; fileRef = 028F413A16B65349002F2501 /* menubutton.png */; };
		028F414916B65349002F2501 /* menuValueSelector.png in Resources */ = {isa = PBXBuildFile; fileRef = 028F413B16B65349002F2501 /* menuValueSelector.png */; };
		028F414A16B65349002F2501 /* shapeInPlace.wav in Resources */ = {isa = PBXBuildFile; fileRef = 028F413C16B65349002F2501 /* shapeInPlace.wav */; };
		028F414B16B65349002F2501 /* shapeMove.wav in Resources */ = {isa = PBXBuildFile; fileRef = 028F413D16B65349002F2501 /* shapeMove.wav */; };
		028F414E16B65375002F2501 /* main.cpp in Sources */ = {isa = PBXBuildFile; fileRef = 028F414C16B65375002F2501 /* main.cpp */; };
		02F02F2816BDA7CC0046FDDD /* GFXMenuInput.cpp in Sources */ = {isa = PBXBuildFile; fileRef = 02F02F2616BDA7CC0046FDDD /* GFXMenuInput.cpp */; };
/* End PBXBuildFile section */

/* Begin PBXFileReference section */
		020B46F816B6519400437020 /* Blokade.app */ = {isa = PBXFileReference; explicitFileType = wrapper.application; includeInIndex = 0; path = Blokade.app; sourceTree = BUILT_PRODUCTS_DIR; };
		020B46FC16B6519400437020 /* Foundation.framework */ = {isa = PBXFileReference; lastKnownFileType = wrapper.framework; name = Foundation.framework; path = System/Library/Frameworks/Foundation.framework; sourceTree = SDKROOT; };
		020B470C16B6519400437020 /* Blokade-Info.plist */ = {isa = PBXFileReference; lastKnownFileType = text.plist.xml; path = "Blokade-Info.plist"; sourceTree = "<group>"; };
		020B470E16B6519400437020 /* en */ = {isa = PBXFileReference; lastKnownFileType = text.plist.strings; name = en; path = en.lproj/InfoPlist.strings; sourceTree = "<group>"; };
		028F410516B652ED002F2501 /* README.md */ = {isa = PBXFileReference; fileEncoding = 4; lastKnownFileType = text; path = README.md; sourceTree = "<group>"; };
		028F410716B65320002F2501 /* GFXBean.cpp */ = {isa = PBXFileReference; fileEncoding = 4; lastKnownFileType = sourcecode.cpp.cpp; name = GFXBean.cpp; path = Engine/GFXBean.cpp; sourceTree = "<group>"; };
		028F410816B65320002F2501 /* GFXBean.hpp */ = {isa = PBXFileReference; fileEncoding = 4; lastKnownFileType = sourcecode.cpp.h; name = GFXBean.hpp; path = Engine/GFXBean.hpp; sourceTree = "<group>"; };
		028F410916B65320002F2501 /* GFXEngine.cpp */ = {isa = PBXFileReference; fileEncoding = 4; lastKnownFileType = sourcecode.cpp.cpp; name = GFXEngine.cpp; path = Engine/GFXEngine.cpp; sourceTree = "<group>"; };
		028F410A16B65320002F2501 /* GFXEngine.hpp */ = {isa = PBXFileReference; fileEncoding = 4; lastKnownFileType = sourcecode.cpp.h; name = GFXEngine.hpp; path = Engine/GFXEngine.hpp; sourceTree = "<group>"; };
		028F410B16B65320002F2501 /* GFXFont.cpp */ = {isa = PBXFileReference; fileEncoding = 4; lastKnownFileType = sourcecode.cpp.cpp; name = GFXFont.cpp; path = Engine/GFXFont.cpp; sourceTree = "<group>"; };
		028F410C16B65320002F2501 /* GFXFont.hpp */ = {isa = PBXFileReference; fileEncoding = 4; lastKnownFileType = sourcecode.cpp.h; name = GFXFont.hpp; path = Engine/GFXFont.hpp; sourceTree = "<group>"; };
		028F410D16B65320002F2501 /* GFXMenu.cpp */ = {isa = PBXFileReference; fileEncoding = 4; lastKnownFileType = sourcecode.cpp.cpp; name = GFXMenu.cpp; path = Engine/GFXMenu.cpp; sourceTree = "<group>"; };
		028F410E16B65320002F2501 /* GFXMenu.hpp */ = {isa = PBXFileReference; fileEncoding = 4; lastKnownFileType = sourcecode.cpp.h; name = GFXMenu.hpp; path = Engine/GFXMenu.hpp; sourceTree = "<group>"; };
		028F410F16B65320002F2501 /* GFXMenuButton.cpp */ = {isa = PBXFileReference; fileEncoding = 4; lastKnownFileType = sourcecode.cpp.cpp; name = GFXMenuButton.cpp; path = Engine/GFXMenuButton.cpp; sourceTree = "<group>"; };
		028F411016B65320002F2501 /* GFXMenuButton.hpp */ = {isa = PBXFileReference; fileEncoding = 4; lastKnownFileType = sourcecode.cpp.h; name = GFXMenuButton.hpp; path = Engine/GFXMenuButton.hpp; sourceTree = "<group>"; };
		028F411116B65320002F2501 /* GFXMenuItem.hpp */ = {isa = PBXFileReference; fileEncoding = 4; lastKnownFileType = sourcecode.cpp.h; name = GFXMenuItem.hpp; path = Engine/GFXMenuItem.hpp; sourceTree = "<group>"; };
		028F411216B65320002F2501 /* GFXMenuSelector.cpp */ = {isa = PBXFileReference; fileEncoding = 4; lastKnownFileType = sourcecode.cpp.cpp; name = GFXMenuSelector.cpp; path = Engine/GFXMenuSelector.cpp; sourceTree = "<group>"; };
		028F411316B65320002F2501 /* GFXMenuSelector.hpp */ = {isa = PBXFileReference; fileEncoding = 4; lastKnownFileType = sourcecode.cpp.h; name = GFXMenuSelector.hpp; path = Engine/GFXMenuSelector.hpp; sourceTree = "<group>"; };
		028F411416B65320002F2501 /* GFXRuntime.cpp */ = {isa = PBXFileReference; fileEncoding = 4; lastKnownFileType = sourcecode.cpp.cpp; name = GFXRuntime.cpp; path = Engine/GFXRuntime.cpp; sourceTree = "<group>"; };
		028F411516B65320002F2501 /* GFXRuntime.hpp */ = {isa = PBXFileReference; fileEncoding = 4; lastKnownFileType = sourcecode.cpp.h; name = GFXRuntime.hpp; path = Engine/GFXRuntime.hpp; sourceTree = "<group>"; };
		028F411D16B6532A002F2501 /* BlokadeGame.cpp */ = {isa = PBXFileReference; fileEncoding = 4; lastKnownFileType = sourcecode.cpp.cpp; name = BlokadeGame.cpp; path = Game/BlokadeGame.cpp; sourceTree = "<group>"; };
		028F411E16B6532A002F2501 /* BlokadeGame.hpp */ = {isa = PBXFileReference; fileEncoding = 4; lastKnownFileType = sourcecode.cpp.h; name = BlokadeGame.hpp; path = Game/BlokadeGame.hpp; sourceTree = "<group>"; };
		028F411F16B6532A002F2501 /* FileAccess.cpp */ = {isa = PBXFileReference; fileEncoding = 4; lastKnownFileType = sourcecode.cpp.cpp; name = FileAccess.cpp; path = Game/FileAccess.cpp; sourceTree = "<group>"; };
		028F412016B6532A002F2501 /* FileAccess.hpp */ = {isa = PBXFileReference; fileEncoding = 4; lastKnownFileType = sourcecode.cpp.h; name = FileAccess.hpp; path = Game/FileAccess.hpp; sourceTree = "<group>"; };
		028F412116B6532A002F2501 /* i18n.cpp */ = {isa = PBXFileReference; fileEncoding = 4; lastKnownFileType = sourcecode.cpp.cpp; name = i18n.cpp; path = Game/i18n.cpp; sourceTree = "<group>"; };
		028F412216B6532A002F2501 /* i18n.hpp */ = {isa = PBXFileReference; fileEncoding = 4; lastKnownFileType = sourcecode.cpp.h; name = i18n.hpp; path = Game/i18n.hpp; sourceTree = "<group>"; };
		028F412316B6532A002F2501 /* Points.cpp */ = {isa = PBXFileReference; fileEncoding = 4; lastKnownFileType = sourcecode.cpp.cpp; name = Points.cpp; path = Game/Points.cpp; sourceTree = "<group>"; };
		028F412416B6532A002F2501 /* Points.hpp */ = {isa = PBXFileReference; fileEncoding = 4; lastKnownFileType = sourcecode.cpp.h; name = Points.hpp; path = Game/Points.hpp; sourceTree = "<group>"; };
		028F412516B6532A002F2501 /* Shapes.hpp */ = {isa = PBXFileReference; fileEncoding = 4; lastKnownFileType = sourcecode.cpp.h; name = Shapes.hpp; path = Game/Shapes.hpp; sourceTree = "<group>"; };
		028F412616B6532A002F2501 /* SoundMngr.cpp */ = {isa = PBXFileReference; fileEncoding = 4; lastKnownFileType = sourcecode.cpp.cpp; name = SoundMngr.cpp; path = Game/SoundMngr.cpp; sourceTree = "<group>"; };
		028F412716B6532A002F2501 /* SoundMngr.hpp */ = {isa = PBXFileReference; fileEncoding = 4; lastKnownFileType = sourcecode.cpp.h; name = SoundMngr.hpp; path = Game/SoundMngr.hpp; sourceTree = "<group>"; };
		028F412D16B6533B002F2501 /* OSXResourcePath.hpp */ = {isa = PBXFileReference; fileEncoding = 4; lastKnownFileType = sourcecode.cpp.h; name = OSXResourcePath.hpp; path = OSX/OSXResourcePath.hpp; sourceTree = "<group>"; };
		028F412E16B6533B002F2501 /* OSXResourcePath.mm */ = {isa = PBXFileReference; fileEncoding = 4; lastKnownFileType = sourcecode.cpp.objcpp; name = OSXResourcePath.mm; path = OSX/OSXResourcePath.mm; sourceTree = "<group>"; };
		028F413016B65349002F2501 /* aquatic_life.ogg */ = {isa = PBXFileReference; lastKnownFileType = file; name = aquatic_life.ogg; path = Resources/aquatic_life.ogg; sourceTree = "<group>"; };
		028F413116B65349002F2501 /* backgrnd.png */ = {isa = PBXFileReference; lastKnownFileType = image.png; name = backgrnd.png; path = Resources/backgrnd.png; sourceTree = "<group>"; };
		028F413216B65349002F2501 /* blocks.png */ = {isa = PBXFileReference; lastKnownFileType = image.png; name = blocks.png; path = Resources/blocks.png; sourceTree = "<group>"; };
		028F413316B65349002F2501 /* died.wav */ = {isa = PBXFileReference; lastKnownFileType = audio.wav; name = died.wav; path = Resources/died.wav; sourceTree = "<group>"; };
		028F413416B65349002F2501 /* evolution_sphere.ogg */ = {isa = PBXFileReference; lastKnownFileType = file; name = evolution_sphere.ogg; path = Resources/evolution_sphere.ogg; sourceTree = "<group>"; };
		028F413516B65349002F2501 /* fontAnonymousAscii.png */ = {isa = PBXFileReference; lastKnownFileType = image.png; name = fontAnonymousAscii.png; path = Resources/fontAnonymousAscii.png; sourceTree = "<group>"; };
		028F413616B65349002F2501 /* game.png */ = {isa = PBXFileReference; lastKnownFileType = image.png; name = game.png; path = Resources/game.png; sourceTree = "<group>"; };
		028F413716B65349002F2501 /* icon_128x128.icns */ = {isa = PBXFileReference; lastKnownFileType = image.icns; name = icon_128x128.icns; path = Resources/icon_128x128.icns; sourceTree = "<group>"; };
		028F413816B65349002F2501 /* levelUp.wav */ = {isa = PBXFileReference; lastKnownFileType = audio.wav; name = levelUp.wav; path = Resources/levelUp.wav; sourceTree = "<group>"; };
		028F413916B65349002F2501 /* lineBlockDestroy.wav */ = {isa = PBXFileReference; lastKnownFileType = audio.wav; name = lineBlockDestroy.wav; path = Resources/lineBlockDestroy.wav; sourceTree = "<group>"; };
		028F413A16B65349002F2501 /* menubutton.png */ = {isa = PBXFileReference; lastKnownFileType = image.png; name = menubutton.png; path = Resources/menubutton.png; sourceTree = "<group>"; };
		028F413B16B65349002F2501 /* menuValueSelector.png */ = {isa = PBXFileReference; lastKnownFileType = image.png; name = menuValueSelector.png; path = Resources/menuValueSelector.png; sourceTree = "<group>"; };
		028F413C16B65349002F2501 /* shapeInPlace.wav */ = {isa = PBXFileReference; lastKnownFileType = audio.wav; name = shapeInPlace.wav; path = Resources/shapeInPlace.wav; sourceTree = "<group>"; };
		028F413D16B65349002F2501 /* shapeMove.wav */ = {isa = PBXFileReference; lastKnownFileType = audio.wav; name = shapeMove.wav; path = Resources/shapeMove.wav; sourceTree = "<group>"; };
		028F414C16B65375002F2501 /* main.cpp */ = {isa = PBXFileReference; fileEncoding = 4; lastKnownFileType = sourcecode.cpp.cpp; path = main.cpp; sourceTree = "<group>"; };
		028F414D16B65375002F2501 /* ResourcePath.hpp */ = {isa = PBXFileReference; fileEncoding = 4; lastKnownFileType = sourcecode.cpp.h; path = ResourcePath.hpp; sourceTree = "<group>"; };
		02F02F2616BDA7CC0046FDDD /* GFXMenuInput.cpp */ = {isa = PBXFileReference; fileEncoding = 4; lastKnownFileType = sourcecode.cpp.cpp; name = GFXMenuInput.cpp; path = Engine/GFXMenuInput.cpp; sourceTree = "<group>"; };
		02F02F2716BDA7CC0046FDDD /* GFXMenuInput.hpp */ = {isa = PBXFileReference; fileEncoding = 4; lastKnownFileType = sourcecode.cpp.h; name = GFXMenuInput.hpp; path = Engine/GFXMenuInput.hpp; sourceTree = "<group>"; };
/* End PBXFileReference section */

/* Begin PBXFrameworksBuildPhase section */
		020B46F516B6519400437020 /* Frameworks */ = {
			isa = PBXFrameworksBuildPhase;
			buildActionMask = 2147483647;
			files = (
				020B46FD16B6519400437020 /* Foundation.framework in Frameworks */,
			);
			runOnlyForDeploymentPostprocessing = 0;
		};
/* End PBXFrameworksBuildPhase section */

/* Begin PBXGroup section */
		020B46EC16B6519400437020 = {
			isa = PBXGroup;
			children = (
				020B46FE16B6519400437020 /* Blokade */,
				028F410516B652ED002F2501 /* README.md */,
				020B46FB16B6519400437020 /* Frameworks */,
				020B46F916B6519400437020 /* Products */,
			);
			sourceTree = "<group>";
		};
		020B46F916B6519400437020 /* Products */ = {
			isa = PBXGroup;
			children = (
				020B46F816B6519400437020 /* Blokade.app */,
			);
			name = Products;
			sourceTree = "<group>";
		};
		020B46FB16B6519400437020 /* Frameworks */ = {
			isa = PBXGroup;
			children = (
				020B46FC16B6519400437020 /* Foundation.framework */,
			);
			name = Frameworks;
			sourceTree = "<group>";
		};
		020B46FE16B6519400437020 /* Blokade */ = {
			isa = PBXGroup;
			children = (
				028F414C16B65375002F2501 /* main.cpp */,
				028F414D16B65375002F2501 /* ResourcePath.hpp */,
				028F410316B65232002F2501 /* Engine */,
				028F410216B65227002F2501 /* Game */,
				028F410416B65238002F2501 /* OSX */,
				020B470416B6519400437020 /* Resources */,
				020B470B16B6519400437020 /* Supporting Files */,
			);
			path = Blokade;
			sourceTree = "<group>";
		};
		020B470416B6519400437020 /* Resources */ = {
			isa = PBXGroup;
			children = (
				028F413116B65349002F2501 /* backgrnd.png */,
				028F413216B65349002F2501 /* blocks.png */,
				028F413516B65349002F2501 /* fontAnonymousAscii.png */,
				028F413616B65349002F2501 /* game.png */,
				028F413A16B65349002F2501 /* menubutton.png */,
				028F413B16B65349002F2501 /* menuValueSelector.png */,
				028F413016B65349002F2501 /* aquatic_life.ogg */,
				028F413416B65349002F2501 /* evolution_sphere.ogg */,
				028F413916B65349002F2501 /* lineBlockDestroy.wav */,
				028F413816B65349002F2501 /* levelUp.wav */,
				028F413316B65349002F2501 /* died.wav */,
				028F413C16B65349002F2501 /* shapeInPlace.wav */,
				028F413D16B65349002F2501 /* shapeMove.wav */,
				028F413716B65349002F2501 /* icon_128x128.icns */,
			);
			name = Resources;
			sourceTree = "<group>";
		};
		020B470B16B6519400437020 /* Supporting Files */ = {
			isa = PBXGroup;
			children = (
				020B470C16B6519400437020 /* Blokade-Info.plist */,
				020B470D16B6519400437020 /* InfoPlist.strings */,
			);
			name = "Supporting Files";
			sourceTree = "<group>";
		};
		028F410216B65227002F2501 /* Game */ = {
			isa = PBXGroup;
			children = (
				028F411D16B6532A002F2501 /* BlokadeGame.cpp */,
				028F411E16B6532A002F2501 /* BlokadeGame.hpp */,
				028F411F16B6532A002F2501 /* FileAccess.cpp */,
				028F412016B6532A002F2501 /* FileAccess.hpp */,
				028F412116B6532A002F2501 /* i18n.cpp */,
				028F412216B6532A002F2501 /* i18n.hpp */,
				028F412316B6532A002F2501 /* Points.cpp */,
				028F412416B6532A002F2501 /* Points.hpp */,
				028F412516B6532A002F2501 /* Shapes.hpp */,
				028F412616B6532A002F2501 /* SoundMngr.cpp */,
				028F412716B6532A002F2501 /* SoundMngr.hpp */,
			);
			name = Game;
			sourceTree = "<group>";
		};
		028F410316B65232002F2501 /* Engine */ = {
			isa = PBXGroup;
			children = (
				028F410716B65320002F2501 /* GFXBean.cpp */,
				028F410816B65320002F2501 /* GFXBean.hpp */,
				028F410916B65320002F2501 /* GFXEngine.cpp */,
				028F410A16B65320002F2501 /* GFXEngine.hpp */,
				028F410B16B65320002F2501 /* GFXFont.cpp */,
				028F410C16B65320002F2501 /* GFXFont.hpp */,
				028F410D16B65320002F2501 /* GFXMenu.cpp */,
				028F410E16B65320002F2501 /* GFXMenu.hpp */,
				028F410F16B65320002F2501 /* GFXMenuButton.cpp */,
				028F411016B65320002F2501 /* GFXMenuButton.hpp */,
				02F02F2616BDA7CC0046FDDD /* GFXMenuInput.cpp */,
				02F02F2716BDA7CC0046FDDD /* GFXMenuInput.hpp */,
				028F411116B65320002F2501 /* GFXMenuItem.hpp */,
				028F411216B65320002F2501 /* GFXMenuSelector.cpp */,
				028F411316B65320002F2501 /* GFXMenuSelector.hpp */,
				028F411416B65320002F2501 /* GFXRuntime.cpp */,
				028F411516B65320002F2501 /* GFXRuntime.hpp */,
			);
			name = Engine;
			sourceTree = "<group>";
		};
		028F410416B65238002F2501 /* OSX */ = {
			isa = PBXGroup;
			children = (
				028F412D16B6533B002F2501 /* OSXResourcePath.hpp */,
				028F412E16B6533B002F2501 /* OSXResourcePath.mm */,
			);
			name = OSX;
			sourceTree = "<group>";
		};
/* End PBXGroup section */

/* Begin PBXNativeTarget section */
		020B46F716B6519400437020 /* Blokade */ = {
			isa = PBXNativeTarget;
			buildConfigurationList = 020B471216B6519400437020 /* Build configuration list for PBXNativeTarget "Blokade" */;
			buildPhases = (
				020B46F316B6519400437020 /* ShellScript */,
				020B46F416B6519400437020 /* Sources */,
				020B46F516B6519400437020 /* Frameworks */,
				020B46F616B6519400437020 /* Resources */,
			);
			buildRules = (
			);
			dependencies = (
			);
			name = Blokade;
			productName = Blokade;
			productReference = 020B46F816B6519400437020 /* Blokade.app */;
			productType = "com.apple.product-type.application";
		};
/* End PBXNativeTarget section */

/* Begin PBXProject section */
		020B46EE16B6519400437020 /* Project object */ = {
			isa = PBXProject;
			attributes = {
				LastUpgradeCheck = 0450;
				ORGANIZATIONNAME = moonfirefly;
			};
			buildConfigurationList = 020B46F116B6519400437020 /* Build configuration list for PBXProject "Blokade" */;
			compatibilityVersion = "Xcode 3.2";
			developmentRegion = English;
			hasScannedForEncodings = 0;
			knownRegions = (
				en,
			);
			mainGroup = 020B46EC16B6519400437020;
			productRefGroup = 020B46F916B6519400437020 /* Products */;
			projectDirPath = "";
			projectRoot = "";
			targets = (
				020B46F716B6519400437020 /* Blokade */,
			);
		};
/* End PBXProject section */

/* Begin PBXResourcesBuildPhase section */
		020B46F616B6519400437020 /* Resources */ = {
			isa = PBXResourcesBuildPhase;
			buildActionMask = 2147483647;
			files = (
				020B470F16B6519400437020 /* InfoPlist.strings in Resources */,
				028F410616B652ED002F2501 /* README.md in Resources */,
				028F413E16B65349002F2501 /* aquatic_life.ogg in Resources */,
				028F413F16B65349002F2501 /* backgrnd.png in Resources */,
				028F414016B65349002F2501 /* blocks.png in Resources */,
				028F414116B65349002F2501 /* died.wav in Resources */,
				028F414216B65349002F2501 /* evolution_sphere.ogg in Resources */,
				028F414316B65349002F2501 /* fontAnonymousAscii.png in Resources */,
				028F414416B65349002F2501 /* game.png in Resources */,
				028F414516B65349002F2501 /* icon_128x128.icns in Resources */,
				028F414616B65349002F2501 /* levelUp.wav in Resources */,
				028F414716B65349002F2501 /* lineBlockDestroy.wav in Resources */,
				028F414816B65349002F2501 /* menubutton.png in Resources */,
				028F414916B65349002F2501 /* menuValueSelector.png in Resources */,
				028F414A16B65349002F2501 /* shapeInPlace.wav in Resources */,
				028F414B16B65349002F2501 /* shapeMove.wav in Resources */,
			);
			runOnlyForDeploymentPostprocessing = 0;
		};
/* End PBXResourcesBuildPhase section */

/* Begin PBXShellScriptBuildPhase section */
		020B46F316B6519400437020 /* ShellScript */ = {
			isa = PBXShellScriptBuildPhase;
			buildActionMask = 2147483647;
			files = (
			);
			inputPaths = (
			);
			outputPaths = (
			);
			runOnlyForDeploymentPostprocessing = 0;
			shellPath = /bin/sh;
			shellScript = "# This shell script simply copies required sfml dylibs/frameworks into the application bundle frameworks folder.\n# If you're using static libraries (which is not recommended) you should remove this script from your project.\n\n# Are we building a project that uses framework or dylibs ?\nif [ $SFML_LINK_PREFIX = $SFML_LINK_FRAMEWORKS_PREFIX ]\nthen\n    frameworks=1\nelse\n    frameworks=0\nfi\n\nrequire () # $1 is a SFML module like 'system' or 'audio'\n{\n    dest=$BUILT_PRODUCTS_DIR/$PRODUCT_NAME.app/Contents/Frameworks\n    \n    if [ -z $1 ]\n    then\n        echo \"no parameter! ERROR!\"\n        exit\n    else\n        # clean potentially old stuff\n        rm -f $dest/libsfml-$1.2.dylib\n        rm -f $dest/libsfml-$1-d.2.dylib\n        rm -fr $dest/sfml-$1.framework\n    \n        # copy SFML libraries\n        if [ $frameworks ]\n        then\n            ditto \"/Library/Frameworks/sfml-$1.framework\" \"$dest/sfml-$1.framework\"\n        elif [ $CONFIGURATION = \"Debug\" ]\n        then\n            ditto \"/usr/local/lib/libsfml-$1-d.2.dylib\" \"$dest/libsfml-$1-d.2.dylib\"\n        else\n            ditto \"/usr/local/lib/libsfml-$1.2.dylib\" \"$dest/libsfml-$1.2.dylib\"\n        fi\n        \n        if [ $1 = \"audio\" ]\n        then\n            # copy sndfile framework too\n            ditto \"/Library/Frameworks/sndfile.framework\" \"$dest/sndfile.framework\"\n        fi\n    fi\n}\n\nif [ -n \"$SFML_SYSTEM\" ]\nthen\n    require \"system\"\nfi\n\nif [ -n \"$SFML_AUDIO\" ]\nthen\n    require \"audio\"\nfi\n\nif [ -n \"$SFML_NETWORK\" ]\nthen\n    require \"network\"\nfi\n\nif [ -n \"$SFML_WINDOW\" ]\nthen\n    require \"window\"\nfi\n\nif [ -n \"$SFML_GRAPHICS\" ]\nthen\n    require \"graphics\"\nfi\n\t\t\t\t\t";
		};
/* End PBXShellScriptBuildPhase section */

/* Begin PBXSourcesBuildPhase section */
		020B46F416B6519400437020 /* Sources */ = {
			isa = PBXSourcesBuildPhase;
			buildActionMask = 2147483647;
			files = (
				028F411616B65320002F2501 /* GFXBean.cpp in Sources */,
				028F411716B65320002F2501 /* GFXEngine.cpp in Sources */,
				028F411816B65320002F2501 /* GFXFont.cpp in Sources */,
				028F411916B65320002F2501 /* GFXMenu.cpp in Sources */,
				028F411A16B65320002F2501 /* GFXMenuButton.cpp in Sources */,
				028F411B16B65320002F2501 /* GFXMenuSelector.cpp in Sources */,
				028F411C16B65320002F2501 /* GFXRuntime.cpp in Sources */,
				028F412816B6532A002F2501 /* BlokadeGame.cpp in Sources */,
				028F412916B6532A002F2501 /* FileAccess.cpp in Sources */,
				028F412A16B6532A002F2501 /* i18n.cpp in Sources */,
				028F412B16B6532A002F2501 /* Points.cpp in Sources */,
				028F412C16B6532A002F2501 /* SoundMngr.cpp in Sources */,
				028F412F16B6533B002F2501 /* OSXResourcePath.mm in Sources */,
				028F414E16B65375002F2501 /* main.cpp in Sources */,
				02F02F2816BDA7CC0046FDDD /* GFXMenuInput.cpp in Sources */,
			);
			runOnlyForDeploymentPostprocessing = 0;
		};
/* End PBXSourcesBuildPhase section */

/* Begin PBXVariantGroup section */
		020B470D16B6519400437020 /* InfoPlist.strings */ = {
			isa = PBXVariantGroup;
			children = (
				020B470E16B6519400437020 /* en */,
			);
			name = InfoPlist.strings;
			sourceTree = "<group>";
		};
/* End PBXVariantGroup section */

/* Begin XCBuildConfiguration section */
		020B471016B6519400437020 /* Debug */ = {
			isa = XCBuildConfiguration;
			buildSettings = {
				ALWAYS_SEARCH_USER_PATHS = NO;
				ARCHS = "$(ARCHS_STANDARD_64_BIT)";
				CLANG_CXX_LANGUAGE_STANDARD = "gnu++0x";
				CLANG_CXX_LIBRARY = "libc++";
				CLANG_ENABLE_OBJC_ARC = "";
				CLANG_WARN_EMPTY_BODY = YES;
				CLANG_WARN_IMPLICIT_SIGN_CONVERSION = NO;
				CLANG_WARN__DUPLICATE_METHOD_MATCH = YES;
				COPY_PHASE_STRIP = NO;
				GCC_C_LANGUAGE_STANDARD = gnu99;
				GCC_DYNAMIC_NO_PIC = NO;
				GCC_ENABLE_OBJC_EXCEPTIONS = YES;
				GCC_ENABLE_OBJC_GC = unsupported;
				GCC_OPTIMIZATION_LEVEL = 0;
				GCC_PREPROCESSOR_DEFINITIONS = (
					"BLOKADE_PLATFORM_OSX=1",
					"BLOKADE_LANGUAGE_EN=1",
					"DEBUG=1",
					"$(inherited)",
				);
				GCC_SYMBOLS_PRIVATE_EXTERN = NO;
				GCC_WARN_64_TO_32_BIT_CONVERSION = YES;
				GCC_WARN_ABOUT_RETURN_TYPE = YES;
				GCC_WARN_UNINITIALIZED_AUTOS = YES;
				GCC_WARN_UNUSED_VARIABLE = YES;
				HEADER_SEARCH_PATHS = (
					"$(HEADER_SEARCH_PATHS)",
					/usr/local/include/,
				);
				MACOSX_DEPLOYMENT_TARGET = 10.8;
				ONLY_ACTIVE_ARCH = YES;
				OTHER_LDFLAGS = (
					"$(OTHER_LDFLAGS)",
					"$(SFML_SYSTEM)",
					"$(SFML_WINDOW)",
					"$(SFML_GRAPHICS)",
					"$(SFML_AUDIO)",
					"$(SFML_NETWORK)",
				);
				PRODUCT_NAME = "$(TARGET_NAME)";
				RUN_CLANG_STATIC_ANALYZER = YES;
				SDKROOT = macosx;
				SFML_AUDIO = "$(SFML_LINK_PREFIX)sfml-audio$(SFML_LINK_SUFFIX)";
				SFML_GRAPHICS = "$(SFML_LINK_PREFIX)sfml-graphics$(SFML_LINK_SUFFIX)";
				SFML_LINK_DYLIBS_PREFIX = "-l";
				SFML_LINK_DYLIBS_SUFFIX = "-d";
				SFML_LINK_FRAMEWORKS_PREFIX = "-framework ";
				SFML_LINK_FRAMEWORKS_SUFFIX = "";
				SFML_LINK_PREFIX = "$(SFML_LINK_DYLIBS_PREFIX)";
				SFML_LINK_SUFFIX = "$(SFML_LINK_DYLIBS_SUFFIX)";
				SFML_NETWORK = "$(SFML_LINK_PREFIX)sfml-network$(SFML_LINK_SUFFIX)";
				SFML_SYSTEM = "$(SFML_LINK_PREFIX)sfml-system$(SFML_LINK_SUFFIX)";
				SFML_WINDOW = "$(SFML_LINK_PREFIX)sfml-window$(SFML_LINK_SUFFIX)";
			};
			name = Debug;
		};
		020B471116B6519400437020 /* Release */ = {
			isa = XCBuildConfiguration;
			buildSettings = {
				ALWAYS_SEARCH_USER_PATHS = NO;
				ARCHS = "$(ARCHS_STANDARD_64_BIT)";
				CLANG_CXX_LANGUAGE_STANDARD = "gnu++0x";
				CLANG_CXX_LIBRARY = "libc++";
				CLANG_ENABLE_OBJC_ARC = "";
				CLANG_WARN_EMPTY_BODY = YES;
				CLANG_WARN_IMPLICIT_SIGN_CONVERSION = NO;
				CLANG_WARN__DUPLICATE_METHOD_MATCH = YES;
				COPY_PHASE_STRIP = YES;
				DEBUG_INFORMATION_FORMAT = "dwarf-with-dsym";
				GCC_C_LANGUAGE_STANDARD = gnu99;
				GCC_ENABLE_OBJC_EXCEPTIONS = YES;
				GCC_ENABLE_OBJC_GC = unsupported;
				GCC_PREPROCESSOR_DEFINITIONS = (
					"BLOKADE_PLATFORM_OSX=1",
					"BLOKADE_LANGUAGE_EN=1",
				);
				GCC_WARN_64_TO_32_BIT_CONVERSION = YES;
				GCC_WARN_ABOUT_RETURN_TYPE = YES;
				GCC_WARN_UNINITIALIZED_AUTOS = YES;
				GCC_WARN_UNUSED_VARIABLE = YES;
				HEADER_SEARCH_PATHS = (
					"$(HEADER_SEARCH_PATHS)",
					/usr/local/include/,
				);
				MACOSX_DEPLOYMENT_TARGET = 10.8;
				OTHER_LDFLAGS = (
					"$(OTHER_LDFLAGS)",
					"$(SFML_SYSTEM)",
					"$(SFML_WINDOW)",
					"$(SFML_GRAPHICS)",
					"$(SFML_AUDIO)",
					"$(SFML_NETWORK)",
				);
				PRODUCT_NAME = "$(TARGET_NAME)";
				RUN_CLANG_STATIC_ANALYZER = YES;
				SDKROOT = macosx;
				SFML_AUDIO = "$(SFML_LINK_PREFIX)sfml-audio$(SFML_LINK_SUFFIX)";
				SFML_GRAPHICS = "$(SFML_LINK_PREFIX)sfml-graphics$(SFML_LINK_SUFFIX)";
				SFML_LINK_DYLIBS_PREFIX = "-l";
				SFML_LINK_DYLIBS_SUFFIX = "";
				SFML_LINK_FRAMEWORKS_PREFIX = "-framework ";
				SFML_LINK_FRAMEWORKS_SUFFIX = "";
				SFML_LINK_PREFIX = "$(SFML_LINK_DYLIBS_PREFIX)";
				SFML_LINK_SUFFIX = "$(SFML_LINK_DYLIBS_SUFFIX)";
				SFML_NETWORK = "$(SFML_LINK_PREFIX)sfml-network$(SFML_LINK_SUFFIX)";
				SFML_SYSTEM = "$(SFML_LINK_PREFIX)sfml-system$(SFML_LINK_SUFFIX)";
				SFML_WINDOW = "$(SFML_LINK_PREFIX)sfml-window$(SFML_LINK_SUFFIX)";
			};
			name = Release;
		};
		020B471316B6519400437020 /* Debug */ = {
			isa = XCBuildConfiguration;
			buildSettings = {
				CLANG_CXX_LIBRARY = "libstdc++";
				COPY_PHASE_STRIP = NO;
				GCC_DYNAMIC_NO_PIC = NO;
				GCC_PRECOMPILE_PREFIX_HEADER = NO;
				GCC_PREFIX_HEADER = "";
				INFOPLIST_FILE = "Blokade/Blokade-Info.plist";
				LIBRARY_SEARCH_PATHS = /usr/local/lib/;
				PRODUCT_NAME = "$(TARGET_NAME)";
				SFML_LINK_DYLIBS_SUFFIX = "";
				WRAPPER_EXTENSION = app;
			};
			name = Debug;
		};
		020B471416B6519400437020 /* Release */ = {
			isa = XCBuildConfiguration;
			buildSettings = {
				CLANG_CXX_LIBRARY = "libstdc++";
				COPY_PHASE_STRIP = YES;
				GCC_PRECOMPILE_PREFIX_HEADER = NO;
				GCC_PREFIX_HEADER = "";
				INFOPLIST_FILE = "Blokade/Blokade-Info.plist";
				LIBRARY_SEARCH_PATHS = /usr/local/lib/;
				PRODUCT_NAME = "$(TARGET_NAME)";
				WRAPPER_EXTENSION = app;
			};
			name = Release;
		};
/* End XCBuildConfiguration section */

/* Begin XCConfigurationList section */
		020B46F116B6519400437020 /* Build configuration list for PBXProject "Blokade" */ = {
			isa = XCConfigurationList;
			buildConfigurations = (
				020B471016B6519400437020 /* Debug */,
				020B471116B6519400437020 /* Release */,
			);
			defaultConfigurationIsVisible = 0;
			defaultConfigurationName = Release;
		};
		020B471216B6519400437020 /* Build configuration list for PBXNativeTarget "Blokade" */ = {
			isa = XCConfigurationList;
			buildConfigurations = (
				020B471316B6519400437020 /* Debug */,
				020B471416B6519400437020 /* Release */,
			);
			defaultConfigurationIsVisible = 0;
			defaultConfigurationName = Release;
		};
/* End XCConfigurationList section */
	};
	rootObject = 020B46EE16B6519400437020 /* Project object */;
}
